github.com/RNCryptor/RNCryptor-go v0.1.0 h1:bYm8subCE2pnzdGnhx+tbUdox5KrFJl7tVrPj7/GCPE=
github.com/RNCryptor/RNCryptor-go v0.1.0/go.mod h1:NUtjXlLdngbOXtzr166Ol6RYAUbaFnFKBhAhC+Hl+5s=
github.com/khatibomar/kobayashi v0.0.0-20240512032625-dd8e65a859d4 h1:knd6IsOB10ebSsr89LWFbg478nbPrnVZXeb8/Ew5LAE=
github.com/khatibomar/kobayashi v0.0.0-20240512032625-dd8e65a859d4/go.mod h1:ZrDRYxHXJa1GyLi08QighcWQutSJWkgJrUBRmUTt5Ig=
golang.org/x/crypto v0.0.0-20220507011949-2cf3adece122 h1:NvGWuYG8dkDHFSKksI1P9faiVJ9rayE6l0+ouWVIDs8=
golang.org/x/crypto v0.0.0-20220507011949-2cf3adece122/go.mod h1:IxCIyHEi3zRg3s0A5j5BB6A9Jmi73HwBIUl50j+osU4=
